
Microsoft Visual Studio Solution File, Format Version 12.00
# Visual Studio Version 16
VisualStudioVersion = 16.0.29920.165
MinimumVisualStudioVersion = 10.0.40219.1
Project("{FAE04EC0-301F-11D3-BF4B-00C04F79EFBC}") = "Traffic", "Traffic\Traffic.csproj", "{5FA2550E-BA16-4AE1-A0F9-29B4ED8724BB}"
EndProject
Global
	GlobalSection(SolutionConfigurationPlatforms) = preSolution
		Debug|Any CPU = Debug|Any CPU
		Release|Any CPU = Release|Any CPU
	EndGlobalSection
	GlobalSection(ProjectConfigurationPlatforms) = postSolution
		{5FA2550E-BA16-4AE1-A0F9-29B4ED8724BB}.Debug|Any CPU.ActiveCfg = Debug|Any CPU
		{5FA2550E-BA16-4AE1-A0F9-29B4ED8724BB}.Debug|Any CPU.Build.0 = Debug|Any CPU
		{5FA2550E-BA16-4AE1-A0F9-29B4ED8724BB}.Release|Any CPU.ActiveCfg = Release|Any CPU
		{5FA2550E-BA16-4AE1-A0F9-29B4ED8724BB}.Release|Any CPU.Build.0 = Release|Any CPU
	EndGlobalSection
	GlobalSection(SolutionProperties) = preSolution
		HideSolutionNode = FALSE
	EndGlobalSection
	GlobalSection(ExtensibilityGlobals) = postSolution
		SolutionGuid = {62E4A48C-D451-449D-88F1-35EEEB308697}
	EndGlobalSection
EndGlobal
