
Microsoft Visual Studio Solution File, Format Version 12.00
# Visual Studio Version 16
VisualStudioVersion = 16.0.30717.126
MinimumVisualStudioVersion = 10.0.40219.1
Project("{FAE04EC0-301F-11D3-BF4B-00C04F79EFBC}") = "HomeWork", "HomeWork.csproj", "{B208202B-8E1D-4358-AF8F-8FADE19DB384}"
EndProject
Global
	GlobalSection(SolutionConfigurationPlatforms) = preSolution
		Debug|Any CPU = Debug|Any CPU
		Release|Any CPU = Release|Any CPU
	EndGlobalSection
	GlobalSection(ProjectConfigurationPlatforms) = postSolution
		{B208202B-8E1D-4358-AF8F-8FADE19DB384}.Debug|Any CPU.ActiveCfg = Debug|Any CPU
		{B208202B-8E1D-4358-AF8F-8FADE19DB384}.Debug|Any CPU.Build.0 = Debug|Any CPU
		{B208202B-8E1D-4358-AF8F-8FADE19DB384}.Release|Any CPU.ActiveCfg = Release|Any CPU
		{B208202B-8E1D-4358-AF8F-8FADE19DB384}.Release|Any CPU.Build.0 = Release|Any CPU
	EndGlobalSection
	GlobalSection(SolutionProperties) = preSolution
		HideSolutionNode = FALSE
	EndGlobalSection
	GlobalSection(ExtensibilityGlobals) = postSolution
		SolutionGuid = {70FFD5E3-651B-4C30-BC1E-13DD1297FCC7}
	EndGlobalSection
EndGlobal
